
Microsoft Visual Studio Solution File, Format Version 12.00
# Visual Studio Version 17
VisualStudioVersion = 17.6.33829.357
MinimumVisualStudioVersion = 10.0.40219.1
Project("{FAE04EC0-301F-11D3-BF4B-00C04F79EFBC}") = "SistemaGestion", "SistemaGestion\SistemaGestion.csproj", "{985FF213-5280-45CA-9AAA-98EC24FA14AD}"
EndProject
Global
	GlobalSection(SolutionConfigurationPlatforms) = preSolution
		Debug|Any CPU = Debug|Any CPU
		Release|Any CPU = Release|Any CPU
	EndGlobalSection
	GlobalSection(ProjectConfigurationPlatforms) = postSolution
		{985FF213-5280-45CA-9AAA-98EC24FA14AD}.Debug|Any CPU.ActiveCfg = Debug|Any CPU
		{985FF213-5280-45CA-9AAA-98EC24FA14AD}.Debug|Any CPU.Build.0 = Debug|Any CPU
		{985FF213-5280-45CA-9AAA-98EC24FA14AD}.Release|Any CPU.ActiveCfg = Release|Any CPU
		{985FF213-5280-45CA-9AAA-98EC24FA14AD}.Release|Any CPU.Build.0 = Release|Any CPU
	EndGlobalSection
	GlobalSection(SolutionProperties) = preSolution
		HideSolutionNode = FALSE
	EndGlobalSection
	GlobalSection(ExtensibilityGlobals) = postSolution
		SolutionGuid = {78127C16-379B-4C38-ABFD-C005A0445A97}
	EndGlobalSection
EndGlobal
